
Microsoft Visual Studio Solution File, Format Version 12.00
# Visual Studio Version 17
VisualStudioVersion = 17.11.35327.3
MinimumVisualStudioVersion = 10.0.40219.1
Project("{888888A0-9F3D-457C-B088-3A5042F75D52}") = "Lab 1", "Lab 1.pyproj", "{437CA361-4DC1-4171-95CC-2F0F4D265A4B}"
EndProject
Global
	GlobalSection(SolutionConfigurationPlatforms) = preSolution
		Debug|Any CPU = Debug|Any CPU
		Release|Any CPU = Release|Any CPU
	EndGlobalSection
	GlobalSection(ProjectConfigurationPlatforms) = postSolution
		{437CA361-4DC1-4171-95CC-2F0F4D265A4B}.Debug|Any CPU.ActiveCfg = Debug|Any CPU
		{437CA361-4DC1-4171-95CC-2F0F4D265A4B}.Release|Any CPU.ActiveCfg = Release|Any CPU
	EndGlobalSection
	GlobalSection(SolutionProperties) = preSolution
		HideSolutionNode = FALSE
	EndGlobalSection
	GlobalSection(ExtensibilityGlobals) = postSolution
		SolutionGuid = {AED8B3F1-CC58-41EE-9A84-F951248B801A}
	EndGlobalSection
EndGlobal
